
Microsoft Visual Studio Solution File, Format Version 12.00
# Visual Studio 15
Project("{FAE04EC0-301F-11D3-BF4B-00C04F79EFBC}") = "UnityEngine.UI", "UnityEngine.UI.csproj", "{4925F280-CEDA-4CD3-E3C5-5673C87A8E5E}"
EndProject
Project("{FAE04EC0-301F-11D3-BF4B-00C04F79EFBC}") = "Assembly-CSharp", "Assembly-CSharp.csproj", "{F07044B1-B6DD-AFF8-DB71-B527918E9CD6}"
EndProject
Project("{FAE04EC0-301F-11D3-BF4B-00C04F79EFBC}") = "UnityEditor.UI", "UnityEditor.UI.csproj", "{6809557D-1F76-EA31-4D47-C951A6B1FDA7}"
EndProject
Global
	GlobalSection(SolutionConfigurationPlatforms) = preSolution
		Debug|Any CPU = Debug|Any CPU
		Release|Any CPU = Release|Any CPU
	EndGlobalSection
	GlobalSection(ProjectConfigurationPlatforms) = postSolution
		{4925F280-CEDA-4CD3-E3C5-5673C87A8E5E}.Debug|Any CPU.ActiveCfg = Debug|Any CPU
		{4925F280-CEDA-4CD3-E3C5-5673C87A8E5E}.Debug|Any CPU.Build.0 = Debug|Any CPU
		{4925F280-CEDA-4CD3-E3C5-5673C87A8E5E}.Release|Any CPU.ActiveCfg = Release|Any CPU
		{4925F280-CEDA-4CD3-E3C5-5673C87A8E5E}.Release|Any CPU.Build.0 = Release|Any CPU
		{F07044B1-B6DD-AFF8-DB71-B527918E9CD6}.Debug|Any CPU.ActiveCfg = Debug|Any CPU
		{F07044B1-B6DD-AFF8-DB71-B527918E9CD6}.Debug|Any CPU.Build.0 = Debug|Any CPU
		{F07044B1-B6DD-AFF8-DB71-B527918E9CD6}.Release|Any CPU.ActiveCfg = Release|Any CPU
		{F07044B1-B6DD-AFF8-DB71-B527918E9CD6}.Release|Any CPU.Build.0 = Release|Any CPU
		{6809557D-1F76-EA31-4D47-C951A6B1FDA7}.Debug|Any CPU.ActiveCfg = Debug|Any CPU
		{6809557D-1F76-EA31-4D47-C951A6B1FDA7}.Debug|Any CPU.Build.0 = Debug|Any CPU
		{6809557D-1F76-EA31-4D47-C951A6B1FDA7}.Release|Any CPU.ActiveCfg = Release|Any CPU
		{6809557D-1F76-EA31-4D47-C951A6B1FDA7}.Release|Any CPU.Build.0 = Release|Any CPU
	EndGlobalSection
	GlobalSection(SolutionProperties) = preSolution
		HideSolutionNode = FALSE
	EndGlobalSection
EndGlobal
